
Microsoft Visual Studio Solution File, Format Version 12.00
# Visual Studio Version 17
VisualStudioVersion = 17.0.31710.8
MinimumVisualStudioVersion = 10.0.40219.1
Project("{9A19103F-16F7-4668-BE54-9A1E7A4F7556}") = "Nullable.Extended.Extension", "Nullable.Extended.Extension\Nullable.Extended.Extension.csproj", "{46A78692-0A62-4894-BD3F-84D8493C4093}"
EndProject
Project("{2150E333-8FDC-42A3-9474-1A3956D46DE8}") = "Solution Items", "Solution Items", "{384C3816-0901-42FB-A7A2-BB236A199CC3}"
	ProjectSection(SolutionItems) = preProject
		..\.editorconfig = ..\.editorconfig
		..\directory.build.props = ..\directory.build.props
		..\..\README.md = ..\..\README.md
		..\..\RelaseNotes.md = ..\..\RelaseNotes.md
	EndProjectSection
EndProject
Project("{D954291E-2A0B-460D-934E-DC6B0785DB48}") = "Nullable.Shared", "..\Nullable.Shared\Nullable.Shared.shproj", "{850B0F8F-F2C0-4BE3-B141-2CD93EA896D8}"
EndProject
Project("{FAE04EC0-301F-11D3-BF4B-00C04F79EFBC}") = "Test", "Test\Test.csproj", "{B73304A2-3D19-4401-831E-3EFD053A8EA7}"
EndProject
Project("{FAE04EC0-301F-11D3-BF4B-00C04F79EFBC}") = "Sample", "Sample\Sample.csproj", "{19CCBB5E-8425-4C0E-AE47-2F41D249FA45}"
EndProject
Global
	GlobalSection(SharedMSBuildProjectFiles) = preSolution
		..\Nullable.Shared\Nullable.Shared.projitems*{46a78692-0a62-4894-bd3f-84d8493c4093}*SharedItemsImports = 5
		..\Nullable.Shared\Nullable.Shared.projitems*{850b0f8f-f2c0-4be3-b141-2cd93ea896d8}*SharedItemsImports = 13
	EndGlobalSection
	GlobalSection(SolutionConfigurationPlatforms) = preSolution
		Debug|Any CPU = Debug|Any CPU
		Release|Any CPU = Release|Any CPU
	EndGlobalSection
	GlobalSection(ProjectConfigurationPlatforms) = postSolution
		{46A78692-0A62-4894-BD3F-84D8493C4093}.Debug|Any CPU.ActiveCfg = Debug|Any CPU
		{46A78692-0A62-4894-BD3F-84D8493C4093}.Debug|Any CPU.Build.0 = Debug|Any CPU
		{46A78692-0A62-4894-BD3F-84D8493C4093}.Release|Any CPU.ActiveCfg = Release|Any CPU
		{46A78692-0A62-4894-BD3F-84D8493C4093}.Release|Any CPU.Build.0 = Release|Any CPU
		{B73304A2-3D19-4401-831E-3EFD053A8EA7}.Debug|Any CPU.ActiveCfg = Debug|Any CPU
		{B73304A2-3D19-4401-831E-3EFD053A8EA7}.Debug|Any CPU.Build.0 = Debug|Any CPU
		{B73304A2-3D19-4401-831E-3EFD053A8EA7}.Release|Any CPU.ActiveCfg = Release|Any CPU
		{B73304A2-3D19-4401-831E-3EFD053A8EA7}.Release|Any CPU.Build.0 = Release|Any CPU
		{19CCBB5E-8425-4C0E-AE47-2F41D249FA45}.Debug|Any CPU.ActiveCfg = Debug|Any CPU
		{19CCBB5E-8425-4C0E-AE47-2F41D249FA45}.Debug|Any CPU.Build.0 = Debug|Any CPU
		{19CCBB5E-8425-4C0E-AE47-2F41D249FA45}.Release|Any CPU.ActiveCfg = Release|Any CPU
		{19CCBB5E-8425-4C0E-AE47-2F41D249FA45}.Release|Any CPU.Build.0 = Release|Any CPU
	EndGlobalSection
	GlobalSection(SolutionProperties) = preSolution
		HideSolutionNode = FALSE
	EndGlobalSection
	GlobalSection(ExtensibilityGlobals) = postSolution
		SolutionGuid = {7C7C8ADB-9774-40E0-9344-6F77A22B28A9}
	EndGlobalSection
EndGlobal
