
Microsoft Visual Studio Solution File, Format Version 12.00
# Visual Studio Version 16
VisualStudioVersion = 16.0.30804.86
MinimumVisualStudioVersion = 10.0.40219.1
Project("{9A19103F-16F7-4668-BE54-9A1E7A4F7556}") = "IntegrationTest", "IntegrationTest\IntegrationTest.csproj", "{708117A4-DC1F-4C3B-998B-E944FAD1255E}"
EndProject
Project("{930C7802-8A8C-48F9-8165-68863BCCD9DD}") = "Setup", "Setup\Setup.wixproj", "{541BC6E2-1D63-4BA9-AC31-59F9F6743C53}"
EndProject
Global
	GlobalSection(SolutionConfigurationPlatforms) = preSolution
		Debug|Any CPU = Debug|Any CPU
		Release|Any CPU = Release|Any CPU
	EndGlobalSection
	GlobalSection(ProjectConfigurationPlatforms) = postSolution
		{708117A4-DC1F-4C3B-998B-E944FAD1255E}.Debug|Any CPU.ActiveCfg = Debug|Any CPU
		{708117A4-DC1F-4C3B-998B-E944FAD1255E}.Debug|Any CPU.Build.0 = Debug|Any CPU
		{708117A4-DC1F-4C3B-998B-E944FAD1255E}.Release|Any CPU.ActiveCfg = Release|Any CPU
		{708117A4-DC1F-4C3B-998B-E944FAD1255E}.Release|Any CPU.Build.0 = Release|Any CPU
		{541BC6E2-1D63-4BA9-AC31-59F9F6743C53}.Debug|Any CPU.ActiveCfg = Debug|x86
		{541BC6E2-1D63-4BA9-AC31-59F9F6743C53}.Debug|Any CPU.Build.0 = Debug|x86
		{541BC6E2-1D63-4BA9-AC31-59F9F6743C53}.Release|Any CPU.ActiveCfg = Release|x86
		{541BC6E2-1D63-4BA9-AC31-59F9F6743C53}.Release|Any CPU.Build.0 = Release|x86
	EndGlobalSection
	GlobalSection(SolutionProperties) = preSolution
		HideSolutionNode = FALSE
	EndGlobalSection
	GlobalSection(ExtensibilityGlobals) = postSolution
		SolutionGuid = {6D5934E1-1062-4F64-934C-12160DD7E600}
	EndGlobalSection
EndGlobal
